
Microsoft Visual Studio Solution File, Format Version 12.00
Project("{FAE04EC0-301F-11D3-BF4B-00C04F79EFBC}") = "LobbyServer", "LobbyServer\LobbyServer.csproj", "{93237FCE-379F-484E-949D-090B54303778}"
EndProject
Project("{FAE04EC0-301F-11D3-BF4B-00C04F79EFBC}") = "SharedLib", "SharedLib\SharedLib.csproj", "{5437A3DB-6C42-4A22-B456-4A4952D27020}"
EndProject
Global
	GlobalSection(SolutionConfigurationPlatforms) = preSolution
		Debug|Any CPU = Debug|Any CPU
		Release|Any CPU = Release|Any CPU
	EndGlobalSection
	GlobalSection(ProjectConfigurationPlatforms) = postSolution
		{93237FCE-379F-484E-949D-090B54303778}.Debug|Any CPU.ActiveCfg = Debug|Any CPU
		{93237FCE-379F-484E-949D-090B54303778}.Debug|Any CPU.Build.0 = Debug|Any CPU
		{93237FCE-379F-484E-949D-090B54303778}.Release|Any CPU.ActiveCfg = Release|Any CPU
		{93237FCE-379F-484E-949D-090B54303778}.Release|Any CPU.Build.0 = Release|Any CPU
		{5437A3DB-6C42-4A22-B456-4A4952D27020}.Debug|Any CPU.ActiveCfg = Debug|Any CPU
		{5437A3DB-6C42-4A22-B456-4A4952D27020}.Debug|Any CPU.Build.0 = Debug|Any CPU
		{5437A3DB-6C42-4A22-B456-4A4952D27020}.Release|Any CPU.ActiveCfg = Release|Any CPU
		{5437A3DB-6C42-4A22-B456-4A4952D27020}.Release|Any CPU.Build.0 = Release|Any CPU
	EndGlobalSection
EndGlobal
